// !$*UTF8*$!
{
	archiveVersion = 1;
	classes = {
	};
	objectVersion = 50;
	objects = {

/* Begin PBXBuildFile section */
		7905A6032541B773003864FC /* AppDelegate.swift in Sources */ = {isa = PBXBuildFile; fileRef = 7905A6022541B773003864FC /* AppDelegate.swift */; };
		7905A6052541B773003864FC /* SceneDelegate.swift in Sources */ = {isa = PBXBuildFile; fileRef = 7905A6042541B773003864FC /* SceneDelegate.swift */; };
		7905A6072541B773003864FC /* ViewController.swift in Sources */ = {isa = PBXBuildFile; fileRef = 7905A6062541B773003864FC /* ViewController.swift */; };
		7905A60A2541B773003864FC /* Main.storyboard in Resources */ = {isa = PBXBuildFile; fileRef = 7905A6082541B773003864FC /* Main.storyboard */; };
		7905A60C2541B77A003864FC /* Assets.xcassets in Resources */ = {isa = PBXBuildFile; fileRef = 7905A60B2541B77A003864FC /* Assets.xcassets */; };
		7905A60F2541B77A003864FC /* LaunchScreen.storyboard in Resources */ = {isa = PBXBuildFile; fileRef = 7905A60D2541B77A003864FC /* LaunchScreen.storyboard */; };
		7905A61A2541B77A003864FC /* iOSGitHubActionsTests.swift in Sources */ = {isa = PBXBuildFile; fileRef = 7905A6192541B77A003864FC /* iOSGitHubActionsTests.swift */; };
/* End PBXBuildFile section */

/* Begin PBXContainerItemProxy section */
		7905A6162541B77A003864FC /* PBXContainerItemProxy */ = {
			isa = PBXContainerItemProxy;
			containerPortal = 7905A5F72541B772003864FC /* Project object */;
			proxyType = 1;
			remoteGlobalIDString = 7905A5FE2541B772003864FC;
			remoteInfo = iOSGitHubActions;
		};
/* End PBXContainerItemProxy section */

/* Begin PBXFileReference section */
		7905A5FF2541B773003864FC /* iOSGitHubActions.app */ = {isa = PBXFileReference; explicitFileType = wrapper.application; includeInIndex = 0; path = iOSGitHubActions.app; sourceTree = BUILT_PRODUCTS_DIR; };
		7905A6022541B773003864FC /* AppDelegate.swift */ = {isa = PBXFileReference; lastKnownFileType = sourcecode.swift; path = AppDelegate.swift; sourceTree = "<group>"; };
		7905A6042541B773003864FC /* SceneDelegate.swift */ = {isa = PBXFileReference; lastKnownFileType = sourcecode.swift; path = SceneDelegate.swift; sourceTree = "<group>"; };
		7905A6062541B773003864FC /* ViewController.swift */ = {isa = PBXFileReference; lastKnownFileType = sourcecode.swift; path = ViewController.swift; sourceTree = "<group>"; };
		7905A6092541B773003864FC /* Base */ = {isa = PBXFileReference; lastKnownFileType = file.storyboard; name = Base; path = Base.lproj/Main.storyboard; sourceTree = "<group>"; };
		7905A60B2541B77A003864FC /* Assets.xcassets */ = {isa = PBXFileReference; lastKnownFileType = folder.assetcatalog; path = Assets.xcassets; sourceTree = "<group>"; };
		7905A60E2541B77A003864FC /* Base */ = {isa = PBXFileReference; lastKnownFileType = file.storyboard; name = Base; path = Base.lproj/LaunchScreen.storyboard; sourceTree = "<group>"; };
		7905A6102541B77A003864FC /* Info.plist */ = {isa = PBXFileReference; lastKnownFileType = text.plist.xml; path = Info.plist; sourceTree = "<group>"; };
		7905A6152541B77A003864FC /* iOSGitHubActionsTests.xctest */ = {isa = PBXFileReference; explicitFileType = wrapper.cfbundle; includeInIndex = 0; path = iOSGitHubActionsTests.xctest; sourceTree = BUILT_PRODUCTS_DIR; };
		7905A6192541B77A003864FC /* iOSGitHubActionsTests.swift */ = {isa = PBXFileReference; lastKnownFileType = sourcecode.swift; path = iOSGitHubActionsTests.swift; sourceTree = "<group>"; };
		7905A61B2541B77A003864FC /* Info.plist */ = {isa = PBXFileReference; lastKnownFileType = text.plist.xml; path = Info.plist; sourceTree = "<group>"; };
/* End PBXFileReference section */

/* Begin PBXFrameworksBuildPhase section */
		7905A5FC2541B772003864FC /* Frameworks */ = {
			isa = PBXFrameworksBuildPhase;
			buildActionMask = 2147483647;
			files = (
			);
			runOnlyForDeploymentPostprocessing = 0;
		};
		7905A6122541B77A003864FC /* Frameworks */ = {
			isa = PBXFrameworksBuildPhase;
			buildActionMask = 2147483647;
			files = (
			);
			runOnlyForDeploymentPostprocessing = 0;
		};
/* End PBXFrameworksBuildPhase section */

/* Begin PBXGroup section */
		7905A5F62541B772003864FC = {
			isa = PBXGroup;
			children = (
				7905A6012541B773003864FC /* iOSGitHubActions */,
				7905A6182541B77A003864FC /* iOSGitHubActionsTests */,
				7905A6002541B773003864FC /* Products */,
			);
			sourceTree = "<group>";
		};
		7905A6002541B773003864FC /* Products */ = {
			isa = PBXGroup;
			children = (
				7905A5FF2541B773003864FC /* iOSGitHubActions.app */,
				7905A6152541B77A003864FC /* iOSGitHubActionsTests.xctest */,
			);
			name = Products;
			sourceTree = "<group>";
		};
		7905A6012541B773003864FC /* iOSGitHubActions */ = {
			isa = PBXGroup;
			children = (
				7905A6022541B773003864FC /* AppDelegate.swift */,
				7905A6042541B773003864FC /* SceneDelegate.swift */,
				7905A6062541B773003864FC /* ViewController.swift */,
				7905A6082541B773003864FC /* Main.storyboard */,
				7905A60B2541B77A003864FC /* Assets.xcassets */,
				7905A60D2541B77A003864FC /* LaunchScreen.storyboard */,
				7905A6102541B77A003864FC /* Info.plist */,
			);
			path = iOSGitHubActions;
			sourceTree = "<group>";
		};
		7905A6182541B77A003864FC /* iOSGitHubActionsTests */ = {
			isa = PBXGroup;
			children = (
				7905A6192541B77A003864FC /* iOSGitHubActionsTests.swift */,
				7905A61B2541B77A003864FC /* Info.plist */,
			);
			path = iOSGitHubActionsTests;
			sourceTree = "<group>";
		};
/* End PBXGroup section */

/* Begin PBXNativeTarget section */
		7905A5FE2541B772003864FC /* iOSGitHubActions */ = {
			isa = PBXNativeTarget;
			buildConfigurationList = 7905A6292541B77A003864FC /* Build configuration list for PBXNativeTarget "iOSGitHubActions" */;
			buildPhases = (
				7905A5FB2541B772003864FC /* Sources */,
				7905A5FC2541B772003864FC /* Frameworks */,
				7905A5FD2541B772003864FC /* Resources */,
			);
			buildRules = (
			);
			dependencies = (
			);
			name = iOSGitHubActions;
			productName = iOSGitHubActions;
			productReference = 7905A5FF2541B773003864FC /* iOSGitHubActions.app */;
			productType = "com.apple.product-type.application";
		};
		7905A6142541B77A003864FC /* iOSGitHubActionsTests */ = {
			isa = PBXNativeTarget;
			buildConfigurationList = 7905A62C2541B77A003864FC /* Build configuration list for PBXNativeTarget "iOSGitHubActionsTests" */;
			buildPhases = (
				7905A6112541B77A003864FC /* Sources */,
				7905A6122541B77A003864FC /* Frameworks */,
				7905A6132541B77A003864FC /* Resources */,
			);
			buildRules = (
			);
			dependencies = (
				7905A6172541B77A003864FC /* PBXTargetDependency */,
			);
			name = iOSGitHubActionsTests;
			productName = iOSGitHubActionsTests;
			productReference = 7905A6152541B77A003864FC /* iOSGitHubActionsTests.xctest */;
			productType = "com.apple.product-type.bundle.unit-test";
		};
/* End PBXNativeTarget section */

/* Begin PBXProject section */
		7905A5F72541B772003864FC /* Project object */ = {
			isa = PBXProject;
			attributes = {
				LastSwiftUpdateCheck = 1210;
				LastUpgradeCheck = 1210;
				TargetAttributes = {
					7905A5FE2541B772003864FC = {
						CreatedOnToolsVersion = 12.1;
					};
					7905A6142541B77A003864FC = {
						CreatedOnToolsVersion = 12.1;
						TestTargetID = 7905A5FE2541B772003864FC;
					};
				};
			};
			buildConfigurationList = 7905A5FA2541B772003864FC /* Build configuration list for PBXProject "iOSGitHubActions" */;
			compatibilityVersion = "Xcode 9.3";
			developmentRegion = en;
			hasScannedForEncodings = 0;
			knownRegions = (
				en,
				Base,
			);
			mainGroup = 7905A5F62541B772003864FC;
			productRefGroup = 7905A6002541B773003864FC /* Products */;
			projectDirPath = "";
			projectRoot = "";
			targets = (
				7905A5FE2541B772003864FC /* iOSGitHubActions */,
				7905A6142541B77A003864FC /* iOSGitHubActionsTests */,
			);
		};
/* End PBXProject section */

/* Begin PBXResourcesBuildPhase section */
		7905A5FD2541B772003864FC /* Resources */ = {
			isa = PBXResourcesBuildPhase;
			buildActionMask = 2147483647;
			files = (
				7905A60F2541B77A003864FC /* LaunchScreen.storyboard in Resources */,
				7905A60C2541B77A003864FC /* Assets.xcassets in Resources */,
				7905A60A2541B773003864FC /* Main.storyboard in Resources */,
			);
			runOnlyForDeploymentPostprocessing = 0;
		};
		7905A6132541B77A003864FC /* Resources */ = {
			isa = PBXResourcesBuildPhase;
			buildActionMask = 2147483647;
			files = (
			);
			runOnlyForDeploymentPostprocessing = 0;
		};
/* End PBXResourcesBuildPhase section */

/* Begin PBXSourcesBuildPhase section */
		7905A5FB2541B772003864FC /* Sources */ = {
			isa = PBXSourcesBuildPhase;
			buildActionMask = 2147483647;
			files = (
				7905A6072541B773003864FC /* ViewController.swift in Sources */,
				7905A6032541B773003864FC /* AppDelegate.swift in Sources */,
				7905A6052541B773003864FC /* SceneDelegate.swift in Sources */,
			);
			runOnlyForDeploymentPostprocessing = 0;
		};
		7905A6112541B77A003864FC /* Sources */ = {
			isa = PBXSourcesBuildPhase;
			buildActionMask = 2147483647;
			files = (
				7905A61A2541B77A003864FC /* iOSGitHubActionsTests.swift in Sources */,
			);
			runOnlyForDeploymentPostprocessing = 0;
		};
/* End PBXSourcesBuildPhase section */

/* Begin PBXTargetDependency section */
		7905A6172541B77A003864FC /* PBXTargetDependency */ = {
			isa = PBXTargetDependency;
			target = 7905A5FE2541B772003864FC /* iOSGitHubActions */;
			targetProxy = 7905A6162541B77A003864FC /* PBXContainerItemProxy */;
		};
/* End PBXTargetDependency section */

/* Begin PBXVariantGroup section */
		7905A6082541B773003864FC /* Main.storyboard */ = {
			isa = PBXVariantGroup;
			children = (
				7905A6092541B773003864FC /* Base */,
			);
			name = Main.storyboard;
			sourceTree = "<group>";
		};
		7905A60D2541B77A003864FC /* LaunchScreen.storyboard */ = {
			isa = PBXVariantGroup;
			children = (
				7905A60E2541B77A003864FC /* Base */,
			);
			name = LaunchScreen.storyboard;
			sourceTree = "<group>";
		};
/* End PBXVariantGroup section */

/* Begin XCBuildConfiguration section */
		7905A6272541B77A003864FC /* Debug */ = {
			isa = XCBuildConfiguration;
			buildSettings = {
				ALWAYS_SEARCH_USER_PATHS = NO;
				CLANG_ANALYZER_NONNULL = YES;
				CLANG_ANALYZER_NUMBER_OBJECT_CONVERSION = YES_AGGRESSIVE;
				CLANG_CXX_LANGUAGE_STANDARD = "gnu++14";
				CLANG_CXX_LIBRARY = "libc++";
				CLANG_ENABLE_CODE_COVERAGE = YES;
				CLANG_ENABLE_MODULES = YES;
				CLANG_ENABLE_OBJC_ARC = YES;
				CLANG_ENABLE_OBJC_WEAK = YES;
				CLANG_WARN_BLOCK_CAPTURE_AUTORELEASING = YES;
				CLANG_WARN_BOOL_CONVERSION = YES;
				CLANG_WARN_COMMA = YES;
				CLANG_WARN_CONSTANT_CONVERSION = YES;
				CLANG_WARN_DEPRECATED_OBJC_IMPLEMENTATIONS = YES;
				CLANG_WARN_DIRECT_OBJC_ISA_USAGE = YES_ERROR;
				CLANG_WARN_DOCUMENTATION_COMMENTS = YES;
				CLANG_WARN_EMPTY_BODY = YES;
				CLANG_WARN_ENUM_CONVERSION = YES;
				CLANG_WARN_INFINITE_RECURSION = YES;
				CLANG_WARN_INT_CONVERSION = YES;
				CLANG_WARN_NON_LITERAL_NULL_CONVERSION = YES;
				CLANG_WARN_OBJC_IMPLICIT_RETAIN_SELF = YES;
				CLANG_WARN_OBJC_LITERAL_CONVERSION = YES;
				CLANG_WARN_OBJC_ROOT_CLASS = YES_ERROR;
				CLANG_WARN_QUOTED_INCLUDE_IN_FRAMEWORK_HEADER = YES;
				CLANG_WARN_RANGE_LOOP_ANALYSIS = YES;
				CLANG_WARN_STRICT_PROTOTYPES = YES;
				CLANG_WARN_SUSPICIOUS_MOVE = YES;
				CLANG_WARN_UNGUARDED_AVAILABILITY = YES_AGGRESSIVE;
				CLANG_WARN_UNREACHABLE_CODE = YES;
				CLANG_WARN__DUPLICATE_METHOD_MATCH = YES;
				COPY_PHASE_STRIP = NO;
				DEBUG_INFORMATION_FORMAT = dwarf;
				ENABLE_STRICT_OBJC_MSGSEND = YES;
				ENABLE_TESTABILITY = YES;
				GCC_C_LANGUAGE_STANDARD = gnu11;
				GCC_DYNAMIC_NO_PIC = NO;
				GCC_NO_COMMON_BLOCKS = YES;
				GCC_OPTIMIZATION_LEVEL = 0;
				GCC_PREPROCESSOR_DEFINITIONS = (
					"DEBUG=1",
					"$(inherited)",
				);
				GCC_WARN_64_TO_32_BIT_CONVERSION = YES;
				GCC_WARN_ABOUT_RETURN_TYPE = YES_ERROR;
				GCC_WARN_UNDECLARED_SELECTOR = YES;
				GCC_WARN_UNINITIALIZED_AUTOS = YES_AGGRESSIVE;
				GCC_WARN_UNUSED_FUNCTION = YES;
				GCC_WARN_UNUSED_VARIABLE = YES;
				IPHONEOS_DEPLOYMENT_TARGET = 14.1;
				MTL_ENABLE_DEBUG_INFO = INCLUDE_SOURCE;
				MTL_FAST_MATH = YES;
				ONLY_ACTIVE_ARCH = YES;
				SDKROOT = iphoneos;
				SWIFT_ACTIVE_COMPILATION_CONDITIONS = DEBUG;
				SWIFT_OPTIMIZATION_LEVEL = "-Onone";
			};
			name = Debug;
		};
		7905A6282541B77A003864FC /* Release */ = {
			isa = XCBuildConfiguration;
			buildSettings = {
				ALWAYS_SEARCH_USER_PATHS = NO;
				CLANG_ANALYZER_NONNULL = YES;
				CLANG_ANALYZER_NUMBER_OBJECT_CONVERSION = YES_AGGRESSIVE;
				CLANG_CXX_LANGUAGE_STANDARD = "gnu++14";
				CLANG_CXX_LIBRARY = "libc++";
				CLANG_ENABLE_CODE_COVERAGE = YES;
				CLANG_ENABLE_MODULES = YES;
				CLANG_ENABLE_OBJC_ARC = YES;
				CLANG_ENABLE_OBJC_WEAK = YES;
				CLANG_WARN_BLOCK_CAPTURE_AUTORELEASING = YES;
				CLANG_WARN_BOOL_CONVERSION = YES;
				CLANG_WARN_COMMA = YES;
				CLANG_WARN_CONSTANT_CONVERSION = YES;
				CLANG_WARN_DEPRECATED_OBJC_IMPLEMENTATIONS = YES;
				CLANG_WARN_DIRECT_OBJC_ISA_USAGE = YES_ERROR;
				CLANG_WARN_DOCUMENTATION_COMMENTS = YES;
				CLANG_WARN_EMPTY_BODY = YES;
				CLANG_WARN_ENUM_CONVERSION = YES;
				CLANG_WARN_INFINITE_RECURSION = YES;
				CLANG_WARN_INT_CONVERSION = YES;
				CLANG_WARN_NON_LITERAL_NULL_CONVERSION = YES;
				CLANG_WARN_OBJC_IMPLICIT_RETAIN_SELF = YES;
				CLANG_WARN_OBJC_LITERAL_CONVERSION = YES;
				CLANG_WARN_OBJC_ROOT_CLASS = YES_ERROR;
				CLANG_WARN_QUOTED_INCLUDE_IN_FRAMEWORK_HEADER = YES;
				CLANG_WARN_RANGE_LOOP_ANALYSIS = YES;
				CLANG_WARN_STRICT_PROTOTYPES = YES;
				CLANG_WARN_SUSPICIOUS_MOVE = YES;
				CLANG_WARN_UNGUARDED_AVAILABILITY = YES_AGGRESSIVE;
				CLANG_WARN_UNREACHABLE_CODE = YES;
				CLANG_WARN__DUPLICATE_METHOD_MATCH = YES;
				COPY_PHASE_STRIP = NO;
				DEBUG_INFORMATION_FORMAT = "dwarf-with-dsym";
				ENABLE_NS_ASSERTIONS = NO;
				ENABLE_STRICT_OBJC_MSGSEND = YES;
				GCC_C_LANGUAGE_STANDARD = gnu11;
				GCC_NO_COMMON_BLOCKS = YES;
				GCC_WARN_64_TO_32_BIT_CONVERSION = YES;
				GCC_WARN_ABOUT_RETURN_TYPE = YES_ERROR;
				GCC_WARN_UNDECLARED_SELECTOR = YES;
				GCC_WARN_UNINITIALIZED_AUTOS = YES_AGGRESSIVE;
				GCC_WARN_UNUSED_FUNCTION = YES;
				GCC_WARN_UNUSED_VARIABLE = YES;
				IPHONEOS_DEPLOYMENT_TARGET = 14.1;
				MTL_ENABLE_DEBUG_INFO = NO;
				MTL_FAST_MATH = YES;
				SDKROOT = iphoneos;
				SWIFT_COMPILATION_MODE = wholemodule;
				SWIFT_OPTIMIZATION_LEVEL = "-O";
				VALIDATE_PRODUCT = YES;
			};
			name = Release;
		};
		7905A62A2541B77A003864FC /* Debug */ = {
			isa = XCBuildConfiguration;
			buildSettings = {
				ASSETCATALOG_COMPILER_APPICON_NAME = AppIcon;
				ASSETCATALOG_COMPILER_GLOBAL_ACCENT_COLOR_NAME = AccentColor;
				CODE_SIGN_STYLE = Automatic;
				INFOPLIST_FILE = iOSGitHubActions/Info.plist;
				LD_RUNPATH_SEARCH_PATHS = (
					"$(inherited)",
					"@executable_path/Frameworks",
				);
				PRODUCT_BUNDLE_IDENTIFIER = MDEV.iOSGitHubActions;
				PRODUCT_NAME = "$(TARGET_NAME)";
				SWIFT_VERSION = 5.0;
				TARGETED_DEVICE_FAMILY = "1,2";
			};
			name = Debug;
		};
		7905A62B2541B77A003864FC /* Release */ = {
			isa = XCBuildConfiguration;
			buildSettings = {
				ASSETCATALOG_COMPILER_APPICON_NAME = AppIcon;
				ASSETCATALOG_COMPILER_GLOBAL_ACCENT_COLOR_NAME = AccentColor;
				CODE_SIGN_STYLE = Automatic;
				INFOPLIST_FILE = iOSGitHubActions/Info.plist;
				LD_RUNPATH_SEARCH_PATHS = (
					"$(inherited)",
					"@executable_path/Frameworks",
				);
				PRODUCT_BUNDLE_IDENTIFIER = MDEV.iOSGitHubActions;
				PRODUCT_NAME = "$(TARGET_NAME)";
				SWIFT_VERSION = 5.0;
				TARGETED_DEVICE_FAMILY = "1,2";
			};
			name = Release;
		};
		7905A62D2541B77A003864FC /* Debug */ = {
			isa = XCBuildConfiguration;
			buildSettings = {
				ALWAYS_EMBED_SWIFT_STANDARD_LIBRARIES = YES;
				BUNDLE_LOADER = "$(TEST_HOST)";
				CODE_SIGN_STYLE = Automatic;
				INFOPLIST_FILE = iOSGitHubActionsTests/Info.plist;
				IPHONEOS_DEPLOYMENT_TARGET = 14.1;
				LD_RUNPATH_SEARCH_PATHS = (
					"$(inherited)",
					"@executable_path/Frameworks",
					"@loader_path/Frameworks",
				);
				PRODUCT_BUNDLE_IDENTIFIER = MDEV.iOSGitHubActionsTests;
				PRODUCT_NAME = "$(TARGET_NAME)";
				SWIFT_VERSION = 5.0;
				TARGETED_DEVICE_FAMILY = "1,2";
				TEST_HOST = "$(BUILT_PRODUCTS_DIR)/iOSGitHubActions.app/iOSGitHubActions";
			};
			name = Debug;
		};
		7905A62E2541B77A003864FC /* Release */ = {
			isa = XCBuildConfiguration;
			buildSettings = {
				ALWAYS_EMBED_SWIFT_STANDARD_LIBRARIES = YES;
				BUNDLE_LOADER = "$(TEST_HOST)";
				CODE_SIGN_STYLE = Automatic;
				INFOPLIST_FILE = iOSGitHubActionsTests/Info.plist;
				IPHONEOS_DEPLOYMENT_TARGET = 14.1;
				LD_RUNPATH_SEARCH_PATHS = (
					"$(inherited)",
					"@executable_path/Frameworks",
					"@loader_path/Frameworks",
				);
				PRODUCT_BUNDLE_IDENTIFIER = MDEV.iOSGitHubActionsTests;
				PRODUCT_NAME = "$(TARGET_NAME)";
				SWIFT_VERSION = 5.0;
				TARGETED_DEVICE_FAMILY = "1,2";
				TEST_HOST = "$(BUILT_PRODUCTS_DIR)/iOSGitHubActions.app/iOSGitHubActions";
			};
			name = Release;
		};
/* End XCBuildConfiguration section */

/* Begin XCConfigurationList section */
		7905A5FA2541B772003864FC /* Build configuration list for PBXProject "iOSGitHubActions" */ = {
			isa = XCConfigurationList;
			buildConfigurations = (
				7905A6272541B77A003864FC /* Debug */,
				7905A6282541B77A003864FC /* Release */,
			);
			defaultConfigurationIsVisible = 0;
			defaultConfigurationName = Release;
		};
		7905A6292541B77A003864FC /* Build configuration list for PBXNativeTarget "iOSGitHubActions" */ = {
			isa = XCConfigurationList;
			buildConfigurations = (
				7905A62A2541B77A003864FC /* Debug */,
				7905A62B2541B77A003864FC /* Release */,
			);
			defaultConfigurationIsVisible = 0;
			defaultConfigurationName = Release;
		};
		7905A62C2541B77A003864FC /* Build configuration list for PBXNativeTarget "iOSGitHubActionsTests" */ = {
			isa = XCConfigurationList;
			buildConfigurations = (
				7905A62D2541B77A003864FC /* Debug */,
				7905A62E2541B77A003864FC /* Release */,
			);
			defaultConfigurationIsVisible = 0;
			defaultConfigurationName = Release;
		};
/* End XCConfigurationList section */
	};
	rootObject = 7905A5F72541B772003864FC /* Project object */;
}
